
Microsoft Visual Studio Solution File, Format Version 12.00
# Visual Studio 15
VisualStudioVersion = 15.0.26403.7
MinimumVisualStudioVersion = 10.0.40219.1
Project("{FAE04EC0-301F-11D3-BF4B-00C04F79EFBC}") = "WebApplication1", "WebApplication1\WebApplication1.csproj", "{F50A098B-9202-4531-8E38-ECDA3C2B4C7B}"
EndProject
Project("{FAE04EC0-301F-11D3-BF4B-00C04F79EFBC}") = "WebApplication1.Tests", "WebApplication1.Tests\WebApplication1.Tests.csproj", "{EF712194-C3F5-44D0-9DE0-0692EB2B29DE}"
EndProject
Global
	GlobalSection(SolutionConfigurationPlatforms) = preSolution
		Debug|Any CPU = Debug|Any CPU
		Development|Any CPU = Development|Any CPU
		Release|Any CPU = Release|Any CPU
	EndGlobalSection
	GlobalSection(ProjectConfigurationPlatforms) = postSolution
		{F50A098B-9202-4531-8E38-ECDA3C2B4C7B}.Debug|Any CPU.ActiveCfg = Debug|Any CPU
		{F50A098B-9202-4531-8E38-ECDA3C2B4C7B}.Debug|Any CPU.Build.0 = Debug|Any CPU
		{F50A098B-9202-4531-8E38-ECDA3C2B4C7B}.Development|Any CPU.ActiveCfg = Development|Any CPU
		{F50A098B-9202-4531-8E38-ECDA3C2B4C7B}.Development|Any CPU.Build.0 = Development|Any CPU
		{F50A098B-9202-4531-8E38-ECDA3C2B4C7B}.Release|Any CPU.ActiveCfg = Release|Any CPU
		{F50A098B-9202-4531-8E38-ECDA3C2B4C7B}.Release|Any CPU.Build.0 = Release|Any CPU
		{EF712194-C3F5-44D0-9DE0-0692EB2B29DE}.Debug|Any CPU.ActiveCfg = Debug|Any CPU
		{EF712194-C3F5-44D0-9DE0-0692EB2B29DE}.Debug|Any CPU.Build.0 = Debug|Any CPU
		{EF712194-C3F5-44D0-9DE0-0692EB2B29DE}.Development|Any CPU.ActiveCfg = Development|Any CPU
		{EF712194-C3F5-44D0-9DE0-0692EB2B29DE}.Development|Any CPU.Build.0 = Development|Any CPU
		{EF712194-C3F5-44D0-9DE0-0692EB2B29DE}.Release|Any CPU.ActiveCfg = Release|Any CPU
		{EF712194-C3F5-44D0-9DE0-0692EB2B29DE}.Release|Any CPU.Build.0 = Release|Any CPU
	EndGlobalSection
	GlobalSection(SolutionProperties) = preSolution
		HideSolutionNode = FALSE
	EndGlobalSection
EndGlobal
